version = 1
revision = 3
requires-python = "==3.13.*"

[[package]]
name = "annotated-types"
version = "0.8.0"
source = { registry = "https://pypi.org/simple" }
sdist = { url = "https://files.pythonhosted.org/packages/5f/56/a8120250d128bed162cd73c76d45f6ef9991f3e068f62a8ee060afa3104a/annotated_types-0.8.0.tar.gz", hash = "sha256:13b2beaad985e05e2d6407ee4c4f35590b11f8d693a258a561055cac8f64cab7", size = 15893, upload-time = "2026-07-23T20:16:13.995Z" }
wheels = [
    { url = "https://files.pythonhosted.org/packages/99/91/8acff4f5e50511b911bbccb72b8628a49c68ce14148cd9f6431094859a90/annotated_types-0.8.0-py3-none-any.whl", hash = "sha256:f072f4d804ea359e4eaf198b1af7a8b0943881a87f31bb764f8bf219bb9419e0", size = 13427, upload-time = "2026-07-23T20:16:12.938Z" },
]

[[package]]
name = "anyio"
version = "4.14.2"
source = { registry = "https://pypi.org/simple" }
dependencies = [
    { name = "idna" },
]
sdist = { url = "https://files.pythonhosted.org/packages/61/cc/a381afa6efea9f496eff839d4a6a1aed3bfafc7b3ab4b0d1b243a12573dd/anyio-4.14.2.tar.gz", hash = "sha256:cfa139f3ed1a23ee8f88a145ddb5ac7605b8bbfd8592baacd7ce3d8bb4313c7f", size = 260176, upload-time = "2026-07-12T20:29:07.082Z" }
wheels = [
    { url = "https://files.pythonhosted.org/packages/da/35/f2287558c17e29fafc8ef3daf819bb9834061cfa43bff8014f7df7f63bdc/anyio-4.14.2-py3-none-any.whl", hash = "sha256:9f505dda5ac9f0c8309b5e8bd445a8c2bf7246f3ce950121e45ea15bc41d1494", size = 125813, upload-time = "2026-07-12T20:29:05.763Z" },
]

[[package]]
name = "apscheduler"
version = "3.11.3"
source = { registry = "https://pypi.org/simple" }
dependencies = [
    { name = "tzlocal" },
]
sdist = { url = "https://files.pythonhosted.org/packages/8c/6b/eeff360196bb20b312c9e762a820fd1b2c6d809466c755ef57863478e454/apscheduler-3.11.3.tar.gz", hash = "sha256:cd2fcc9330039a81a5893472ad49facf23a6d5604cbe1d918c835c6de7834d5a", size = 110312, upload-time = "2026-06-28T19:39:22.493Z" }
wheels = [
    { url = "https://files.pythonhosted.org/packages/42/c9/8638db32514dbb9157b3d82680c6faea89283523edf9ed2415ea3884f2ae/apscheduler-3.11.3-py3-none-any.whl", hash = "sha256:bbeb2ec02d23d3c06a6c07ed7f0f3939ada6680eb121fae809a69bb42c537a30", size = 66024, upload-time = "2026-06-28T19:39:20.982Z" },
]

[[package]]
name = "boto3"
version = "1.43.75"
source = { registry = "https://pypi.org/simple" }
dependencies = [
    { name = "botocore" },
    { name = "jmespath" },
    { name = "s3transfer" },
]
sdist = { url = "https://files.pythonhosted.org/packages/b1/dd/b93be617dd5d1c6a3a248066030a450e62d211c0af0f49ed3a0d761383c9/boto3-1.43.75.tar.gz", hash = "sha256:86da93d3d5b46a58b03fa51b598ffa4aeaff485a3000affacf78491c105e44f0", size = 112673, upload-time = "2026-08-19T19:54:17.236Z" }
wheels = [
    { url = "https://files.pythonhosted.org/packages/52/89/d0baf1269e57ac548387c11e5d9ba78d1e118ceb43f1e5e5114bdd2e8391/boto3-1.43.75-py3-none-any.whl", hash = "sha256:08a79edb68e6a0d65d305eb90188639313650e155aed015e86eef59d8475dde0", size = 140026, upload-time = "2026-08-19T19:54:15.509Z" },
]

[[package]]
name = "botocore"
version = "1.43.75"
source = { registry = "https://pypi.org/simple" }
dependencies = [
    { name = "jmespath" },
    { name = "python-dateutil" },
    { name = "urllib3" },
]
sdist = { url = "https://files.pythonhosted.org/packages/a3/80/5e39eda5dfb66df691d71212799a9f9d35aa9e447511604030447a00e9d6/botocore-1.43.75.tar.gz", hash = "sha256:e8ed6b0f3cd398dfb9e08d7ca3a0b964152166a317a04e89c45ec91003327ffe", size = 15973868, upload-time = "2026-08-19T19:54:12.318Z" }
wheels = [
    { url = "https://files.pythonhosted.org/packages/94/46/19d3178e70f37fda251f3d9560f29654f09c6eedbe1c8b790adeee84da49/botocore-1.43.75-py3-none-any.whl", hash = "sha256:121abc8b0b529bc4e29a28d1e8b096b20f26708cabe3d5ae4b3446747712aece", size = 15667237, upload-time = "2026-08-19T19:54:08.802Z" },
]

[[package]]
name = "certifi"
version = "2026.7.22"
source = { registry = "https://pypi.org/simple" }
sdist = { url = "https://files.pythonhosted.org/packages/a3/c2/24167ea9858356b47a87a50d39908bfdb72ceeefe0041586e704e5376b3a/certifi-2026.7.22.tar.gz", hash = "sha256:741e2c3b351ddf169a738da9f2c048608ff7f2c5cc02f1ebc6b118bb090d5d55", size = 138112, upload-time = "2026-07-22T03:35:12.644Z" }
wheels = [
    { url = "https://files.pythonhosted.org/packages/0b/a7/71ac2cff56fec219ed242bb11b8efb69fcc4bec75db06fb7bfe35de520e6/certifi-2026.7.22-py3-none-any.whl", hash = "sha256:62f22742b58a1a33014a2b6b706588a8d7e2a88ae7bd1a6ebe8c992928483775", size = 136983, upload-time = "2026-07-22T03:35:11.276Z" },
]

[[package]]
name = "greenlet"
version = "3.5.5"
source = { registry = "https://pypi.org/simple" }
sdist = { url = "https://files.pythonhosted.org/packages/0b/d8/7cc97c142388aef03f622e001c572c4f84e9252a439549d483f555771970/greenlet-3.5.5.tar.gz", hash = "sha256:adb4bae02e91a8e863e48b177e4014bdcac8a6b5e047ea1df687a61534b85e6c", size = 207585, upload-time = "2026-08-10T15:09:36.136Z" }
wheels = [
    { url = "https://files.pythonhosted.org/packages/fb/3d/8cef5f724ec0d4add2af8961d504535ec60c3cca9e464f6d03bdba29d85b/greenlet-3.5.5-cp313-cp313-macosx_11_0_universal2.whl", hash = "sha256:b79fd2a5bc099b5e744f34c4c9a58954a5f4cb7529fb4b6e8446057d61b6edaa", size = 294730, upload-time = "2026-08-10T13:27:51.206Z" },
    { url = "https://files.pythonhosted.org/packages/88/4b/8e7aa3f514273aecff30a16ab1bac09ff54cfc7e6860fdd8058c37ff2499/greenlet-3.5.5-cp313-cp313-manylinux_2_24_aarch64.manylinux_2_28_aarch64.whl", hash = "sha256:634cf15a233a949136879dd388e25d3296e16f3f1e217d2456797b8579ebc6ed", size = 614536, upload-time = "2026-08-10T14:14:36.589Z" },
    { url = "https://files.pythonhosted.org/packages/85/48/4e95e9dd5a8a397dc6a6345dd7f1935113d0fca4f85e89d3976da9cd988d/greenlet-3.5.5-cp313-cp313-manylinux_2_24_ppc64le.manylinux_2_28_ppc64le.whl", hash = "sha256:499adea519f748407fc6806d20eedabac2884fd73b9f38d81236e190ba20dfef", size = 626924, upload-time = "2026-08-10T14:27:27.048Z" },
    { url = "https://files.pythonhosted.org/packages/89/5d/398a1c71fa7a277deeb376c999979de6786f08fc2d5747a0b9d6e11738dd/greenlet-3.5.5-cp313-cp313-manylinux_2_24_x86_64.manylinux_2_28_x86_64.whl", hash = "sha256:2eabb980975cba5b93a95f6f69287d05fc05ac955bfd6a320a7c083eeb52c0b0", size = 623906, upload-time = "2026-08-10T13:40:50.501Z" },
    { url = "https://files.pythonhosted.org/packages/04/1b/745450fc5ea9e0cb17d840d248f284db3363de736d362c7d2d883e3eadba/greenlet-3.5.5-cp313-cp313-musllinux_1_2_aarch64.whl", hash = "sha256:03115c2e0a371999bf8ae616aa8d653f96641d4705c457aebaa187276e9f7537", size = 1581430, upload-time = "2026-08-10T14:15:06.853Z" },
    { url = "https://files.pythonhosted.org/packages/d4/29/d51b296e3191bb15d3d81ec375af1909e4466c0f395d744ed475801798a9/greenlet-3.5.5-cp313-cp313-musllinux_1_2_x86_64.whl", hash = "sha256:4441153ffba21b90d3ca89fe3d31f5c093ae6c0bf0cfdfc98f54cde22f95b62e", size = 1645684, upload-time = "2026-08-10T13:40:32.133Z" },
    { url = "https://files.pythonhosted.org/packages/12/63/369f1a1625e64e9e31df3963c6044056e3fdfa3fa3fdba3c54ffefa6e987/greenlet-3.5.5-cp313-cp313-win_amd64.whl", hash = "sha256:95c5b1f4b3a193f8a0c2de4bfdcb48d119f7f1063941f1de1f2168051b3e52dd", size = 324075, upload-time = "2026-08-10T13:26:58.974Z" },
    { url = "https://files.pythonhosted.org/packages/45/78/649cb5c09d4d81f6dd1444e75474a7206784743283a21d24171562ac4899/greenlet-3.5.5-cp313-cp313-win_arm64.whl", hash = "sha256:1af90aa4bc129883b340cdd6957a3bc74f60528a4993bbd1f53aaebe1d9981cc", size = 308260, upload-time = "2026-08-10T13:27:50.795Z" },
]

[[package]]
name = "h11"
version = "0.16.0"
source = { registry = "https://pypi.org/simple" }
sdist = { url = "https://files.pythonhosted.org/packages/01/ee/02a2c011bdab74c6fb3c75474d40b3052059d95df7e73351460c8588d963/h11-0.16.0.tar.gz", hash = "sha256:4e35b956cf45792e4caa5885e69fba00bdbc6ffafbfa020300e549b208ee5ff1", size = 101250, upload-time = "2025-04-24T03:35:25.427Z" }
wheels = [
    { url = "https://files.pythonhosted.org/packages/04/4b/29cac41a4d98d144bf5f6d33995617b185d14b22401f75ca86f384e87ff1/h11-0.16.0-py3-none-any.whl", hash = "sha256:63cf8bbe7522de3bf65932fda1d9c2772064ffb3dae62d55932da54b31cb6c86", size = 37515, upload-time = "2025-04-24T03:35:24.344Z" },
]

[[package]]
name = "httpcore"
version = "1.0.9"
source = { registry = "https://pypi.org/simple" }
dependencies = [
    { name = "certifi" },
    { name = "h11" },
]
sdist = { url = "https://files.pythonhosted.org/packages/06/94/82699a10bca87a5556c9c59b5963f2d039dbd239f25bc2a63907a05a14cb/httpcore-1.0.9.tar.gz", hash = "sha256:6e34463af53fd2ab5d807f399a9b45ea31c3dfa2276f15a2c3f00afff6e176e8", size = 85484, upload-time = "2025-04-24T22:06:22.219Z" }
wheels = [
    { url = "https://files.pythonhosted.org/packages/7e/f5/f66802a942d491edb555dd61e3a9961140fd64c90bce1eafd741609d334d/httpcore-1.0.9-py3-none-any.whl", hash = "sha256:2d400746a40668fc9dec9810239072b40b4484b640a8c38fd654a024c7a1bf55", size = 78784, upload-time = "2025-04-24T22:06:20.566Z" },
]

[[package]]
name = "httpx"
version = "0.28.1"
source = { registry = "https://pypi.org/simple" }
dependencies = [
    { name = "anyio" },
    { name = "certifi" },
    { name = "httpcore" },
    { name = "idna" },
]
sdist = { url = "https://files.pythonhosted.org/packages/b1/df/48c586a5fe32a0f01324ee087459e112ebb7224f646c0b5023f5e79e9956/httpx-0.28.1.tar.gz", hash = "sha256:75e98c5f16b0f35b567856f597f06ff2270a374470a5c2392242528e3e3e42fc", size = 141406, upload-time = "2024-12-06T15:37:23.222Z" }
wheels = [
    { url = "https://files.pythonhosted.org/packages/2a/39/e50c7c3a983047577ee07d2a9e53faf5a69493943ec3f6a384bdc792deb2/httpx-0.28.1-py3-none-any.whl", hash = "sha256:d909fcccc110f8c7faf814ca82a9a4d816bc5a6dbfea25d6591d6985b8ba59ad", size = 73517, upload-time = "2024-12-06T15:37:21.509Z" },
]

[[package]]
name = "idna"
version = "3.18"
source = { registry = "https://pypi.org/simple" }
sdist = { url = "https://files.pythonhosted.org/packages/cd/63/9496c57188a2ee585e0f1db071d75089a11e98aa86eb99d9d7618fc1edce/idna-3.18.tar.gz", hash = "sha256:ffb385a7e039654cef1ab9ef32c6fafe283c0c0467bba1d9029738ce4a14a848", size = 196711, upload-time = "2026-06-02T14:34:07.794Z" }
wheels = [
    { url = "https://files.pythonhosted.org/packages/1e/5e/d4e9f1a599fb8e573b7b87160658329fbf28d19eac2718f51fc3def3aa5a/idna-3.18-py3-none-any.whl", hash = "sha256:7f952cbe720b688055e3f87de14f5c3e5fdaa8bc3928985c4077ca689de849a2", size = 65455, upload-time = "2026-06-02T14:34:06.319Z" },
]

[[package]]
name = "imovel-radar-bot"
version = "0.1.0"
source = { virtual = "." }
dependencies = [
    { name = "boto3" },
    { name = "imovel-radar-shared-models" },
    { name = "psycopg", extra = ["binary"] },
    { name = "python-dotenv" },
    { name = "python-telegram-bot", extra = ["job-queue"] },
    { name = "sqlmodel" },
    { name = "tzdata" },
]

[package.dev-dependencies]
dev = [
    { name = "pyright" },
    { name = "ruff" },
]

[package.metadata]
requires-dist = [
    { name = "boto3", specifier = ">=1.34.0" },
    { name = "imovel-radar-shared-models", editable = "../../packages/shared-models" },
    { name = "psycopg", extras = ["binary"], specifier = ">=3.3.4" },
    { name = "python-dotenv", specifier = ">=1.0.0" },
    { name = "python-telegram-bot", extras = ["job-queue"], specifier = ">=22.0,<23.0" },
    { name = "sqlmodel", specifier = "==0.0.38" },
    { name = "tzdata", specifier = "==2024.1" },
]

[package.metadata.requires-dev]
dev = [
    { name = "pyright", specifier = ">=1.1.0" },
    { name = "ruff", specifier = "==0.16.0" },
]

[[package]]
name = "imovel-radar-shared-models"
version = "0.1.0"
source = { editable = "../../packages/shared-models" }
dependencies = [
    { name = "pydantic" },
]

[package.metadata]
requires-dist = [{ name = "pydantic", specifier = ">=2.0" }]

[[package]]
name = "jmespath"
version = "1.1.0"
source = { registry = "https://pypi.org/simple" }
sdist = { url = "https://files.pythonhosted.org/packages/d3/59/322338183ecda247fb5d1763a6cbe46eff7222eaeebafd9fa65d4bf5cb11/jmespath-1.1.0.tar.gz", hash = "sha256:472c87d80f36026ae83c6ddd0f1d05d4e510134ed462851fd5f754c8c3cbb88d", size = 27377, upload-time = "2026-01-22T16:35:26.279Z" }
wheels = [
    { url = "https://files.pythonhosted.org/packages/14/2f/967ba146e6d58cf6a652da73885f52fc68001525b4197effc174321d70b4/jmespath-1.1.0-py3-none-any.whl", hash = "sha256:a5663118de4908c91729bea0acadca56526eb2698e83de10cd116ae0f4e97c64", size = 20419, upload-time = "2026-01-22T16:35:24.919Z" },
]

[[package]]
name = "nodeenv"
version = "1.10.0"
source = { registry = "https://pypi.org/simple" }
sdist = { url = "https://files.pythonhosted.org/packages/24/bf/d1bda4f6168e0b2e9e5958945e01910052158313224ada5ce1fb2e1113b8/nodeenv-1.10.0.tar.gz", hash = "sha256:996c191ad80897d076bdfba80a41994c2b47c68e224c542b48feba42ba00f8bb", size = 55611, upload-time = "2025-12-20T14:08:54.006Z" }
wheels = [
    { url = "https://files.pythonhosted.org/packages/88/b2/d0896bdcdc8d28a7fc5717c305f1a861c26e18c05047949fb371034d98bd/nodeenv-1.10.0-py2.py3-none-any.whl", hash = "sha256:5bb13e3eed2923615535339b3c620e76779af4cb4c6a90deccc9e36b274d3827", size = 23438, upload-time = "2025-12-20T14:08:52.782Z" },
]

[[package]]
name = "psycopg"
version = "3.3.4"
source = { registry = "https://pypi.org/simple" }
dependencies = [
    { name = "tzdata", marker = "sys_platform == 'win32'" },
]
sdist = { url = "https://files.pythonhosted.org/packages/db/2f/cb91e5502ec9de1de6f1b76cfbf69531932725361168bb06963620c77e2e/psycopg-3.3.4.tar.gz", hash = "sha256:e21207764952cff81b6b8bdacad9a3939f2793367fdac2987b3aac36a651b5bc", size = 165799, upload-time = "2026-05-01T23:31:55.179Z" }
wheels = [
    { url = "https://files.pythonhosted.org/packages/5c/e0/7b3dee031daae7743609ce3c746565d4a3ed7c2c186479eb48e34e838c64/psycopg-3.3.4-py3-none-any.whl", hash = "sha256:b6bbc25ccf05c8fad3b061d9db2ef0909a555171b84b07f29458a447253d679a", size = 213001, upload-time = "2026-05-01T23:20:50.816Z" },
]

[package.optional-dependencies]
binary = [
    { name = "psycopg-binary", marker = "implementation_name != 'pypy'" },
]

[[package]]
name = "psycopg-binary"
version = "3.3.4"
source = { registry = "https://pypi.org/simple" }
wheels = [
    { url = "https://files.pythonhosted.org/packages/09/43/13e9c406fbbf354580476e248a16b64802a376873ebe6339e30bb655572d/psycopg_binary-3.3.4-cp313-cp313-macosx_10_13_x86_64.whl", hash = "sha256:fbd1d4ed566895ad2d3bf4ddfd8bae90026930ddf29df3b9d91d32c8c47866a7", size = 4590377, upload-time = "2026-05-01T23:29:18.782Z" },
    { url = "https://files.pythonhosted.org/packages/22/be/2923cd7c3683e7afdecf4f10796a18de02f5c5ddc0969aa2ad0a8cdd3bbd/psycopg_binary-3.3.4-cp313-cp313-macosx_11_0_arm64.whl", hash = "sha256:75a9067e236f9b9ae3535b66fe99bddb33d39c0de10112e49b9ab11eee53dc31", size = 4669023, upload-time = "2026-05-01T23:29:25.884Z" },
    { url = "https://files.pythonhosted.org/packages/96/a0/2c913d6fe13d6a8bd13597d36739bf47af063ad9399e402cfecab16f3c1e/psycopg_binary-3.3.4-cp313-cp313-manylinux2014_ppc64le.manylinux_2_17_ppc64le.whl", hash = "sha256:b56b603ebcea8aa10b46228b8410ba7f13e7c2ee54389d4d9be0927fd8ce2a70", size = 5467423, upload-time = "2026-05-01T23:29:33.416Z" },
    { url = "https://files.pythonhosted.org/packages/e7/38/205d10bc1ad0df4a21c5c51659126bd3ea0ef98fcad1e852f78c249bb9c3/psycopg_binary-3.3.4-cp313-cp313-manylinux2014_x86_64.manylinux_2_17_x86_64.whl", hash = "sha256:c677c4ad433cb7150c8cd304a0769ae3bcfbe5ea0676eb53faa7b1443b16d0d3", size = 5151137, upload-time = "2026-05-01T23:29:42.013Z" },
    { url = "https://files.pythonhosted.org/packages/36/fc/f0381ddcd45eff3bb70dbca6823a996048d7f507b2ec3fc92c6fabc0fe87/psycopg_binary-3.3.4-cp313-cp313-manylinux_2_27_aarch64.manylinux_2_28_aarch64.whl", hash = "sha256:26df2717e59c0473e4465a97dfb1b7afebaa479277870fd5784d1436470db47c", size = 6736671, upload-time = "2026-05-01T23:29:51.626Z" },
    { url = "https://files.pythonhosted.org/packages/95/40/fa545ae152c24327651e5624e4902121e808270be36c10b12e9939be09bc/psycopg_binary-3.3.4-cp313-cp313-manylinux_2_38_riscv64.manylinux_2_39_riscv64.whl", hash = "sha256:1dc1f79fd16bb1f3f4421417a514607539f17804d95c7ed617265369d1981cae", size = 4979601, upload-time = "2026-05-01T23:29:56.961Z" },
    { url = "https://files.pythonhosted.org/packages/86/e4/2f8a47ee97f90cd2b933d0463081d35631ff419de2b8c984a5f369857de0/psycopg_binary-3.3.4-cp313-cp313-musllinux_1_2_aarch64.whl", hash = "sha256:136f199a407b5348b9b857c504aff60c77622a28482e7195839ce1b51238c4cc", size = 4510513, upload-time = "2026-05-01T23:30:07.243Z" },
    { url = "https://files.pythonhosted.org/packages/0e/0e/94e842ff4a7f98ed162580ca2e8b8864b28c1e0350f2443f8ee47f821167/psycopg_binary-3.3.4-cp313-cp313-musllinux_1_2_ppc64le.whl", hash = "sha256:b6f5a29e9c775b9f12a1a717aa7a2c80f9e1db6f27ba44a5b59c80ac61d2ffcf", size = 4187243, upload-time = "2026-05-01T23:30:15.352Z" },
    { url = "https://files.pythonhosted.org/packages/d0/83/fc6c174b672e29b7de996ea77b6cbddf46c891751c3355f6974292baa6b4/psycopg_binary-3.3.4-cp313-cp313-musllinux_1_2_riscv64.whl", hash = "sha256:ee17a2cf4943cde261adfad1bbc5bf38d6b3776d7afff74c7cabcbeaeb08c260", size = 3927347, upload-time = "2026-05-01T23:30:21.186Z" },
    { url = "https://files.pythonhosted.org/packages/e9/65/768364d4a97a15b1a7f47ba52688c1686f22941d8332a8398cefc468e25f/psycopg_binary-3.3.4-cp313-cp313-musllinux_1_2_x86_64.whl", hash = "sha256:5c4ab71be17bdca30cb34c34c4e1496e2f5d6f20c199c12bad226070b22ef9bf", size = 4236393, upload-time = "2026-05-01T23:30:26.211Z" },
    { url = "https://files.pythonhosted.org/packages/bd/3b/218efbc9e645becd80cdf651acda05f85cfe546b7a9c0458c7cbc8fe1f74/psycopg_binary-3.3.4-cp313-cp313-win_amd64.whl", hash = "sha256:dbfdb9b6cc79f31104a7b162a2b921b765fcc62af6c00540a167a8de47e4ed38", size = 3564592, upload-time = "2026-05-01T23:30:31.764Z" },
]

[[package]]
name = "pydantic"
version = "2.13.4"
source = { registry = "https://pypi.org/simple" }
dependencies = [
    { name = "annotated-types" },
    { name = "pydantic-core" },
    { name = "typing-extensions" },
    { name = "typing-inspection" },
]
sdist = { url = "https://files.pythonhosted.org/packages/18/a5/b60d21ac674192f8ab0ba4e9fd860690f9b4a6e51ca5df118733b487d8d6/pydantic-2.13.4.tar.gz", hash = "sha256:c40756b57adaa8b1efeeced5c196f3f3b7c435f90e84ea7f443901bec8099ef6", size = 844775, upload-time = "2026-05-06T13:43:05.343Z" }
wheels = [
    { url = "https://files.pythonhosted.org/packages/fd/7b/122376b1fd3c62c1ed9dc80c931ace4844b3c55407b6fb2d199377c9736f/pydantic-2.13.4-py3-none-any.whl", hash = "sha256:45a282cde31d808236fd7ea9d919b128653c8b38b393d1c4ab335c62924d9aba", size = 472262, upload-time = "2026-05-06T13:43:02.641Z" },
]

[[package]]
name = "pydantic-core"
version = "2.46.4"
source = { registry = "https://pypi.org/simple" }
dependencies = [
    { name = "typing-extensions" },
]
sdist = { url = "https://files.pythonhosted.org/packages/9d/56/921726b776ace8d8f5db44c4ef961006580d91dc52b803c489fafd1aa249/pydantic_core-2.46.4.tar.gz", hash = "sha256:62f875393d7f270851f20523dd2e29f082bcc82292d66db2b64ea71f64b6e1c1", size = 471464, upload-time = "2026-05-06T13:37:06.98Z" }
wheels = [
    { url = "https://files.pythonhosted.org/packages/51/a2/5d30b469c5267a17b39dec53208222f76a8d351dfac4af661888c5aee77d/pydantic_core-2.46.4-cp313-cp313-macosx_10_12_x86_64.whl", hash = "sha256:5d5902252db0d3cedf8d4a1bc68f70eeb430f7e4c7104c8c476753519b423008", size = 2106306, upload-time = "2026-05-06T13:37:48.029Z" },
    { url = "https://files.pythonhosted.org/packages/c1/81/4fa520eaffa8bd7d1525e644cd6d39e7d60b1592bc5b516693c7340b50f1/pydantic_core-2.46.4-cp313-cp313-macosx_11_0_arm64.whl", hash = "sha256:c94f0688e7b8d0a67abf40e57a7eaaecd17cc9586706a31b76c031f63df052b4", size = 1951906, upload-time = "2026-05-06T13:37:17.012Z" },
    { url = "https://files.pythonhosted.org/packages/03/d5/fd02da45b659668b05923b17ba3a0100a0a3d5541e3bd8fcc4ecb711309e/pydantic_core-2.46.4-cp313-cp313-manylinux_2_17_aarch64.manylinux2014_aarch64.whl", hash = "sha256:f027324c56cd5406ca49c124b0db10e56c69064fec039acc571c29020cc87c76", size = 1976802, upload-time = "2026-05-06T13:37:35.113Z" },
    { url = "https://files.pythonhosted.org/packages/21/f2/95727e1368be3d3ed485eaab7adbd7dda408f33f7a36e8b48e0144002b91/pydantic_core-2.46.4-cp313-cp313-manylinux_2_17_armv7l.manylinux2014_armv7l.whl", hash = "sha256:e739fee756ba1010f8bcccb534252e85a35fe45ae92c295a06059ce58b74ccd3", size = 2052446, upload-time = "2026-05-06T13:37:12.313Z" },
    { url = "https://files.pythonhosted.org/packages/9c/86/5d99feea3f77c7234b8718075b23db11532773c1a0dbd9b9490215dc2eeb/pydantic_core-2.46.4-cp313-cp313-manylinux_2_17_ppc64le.manylinux2014_ppc64le.whl", hash = "sha256:9d56801be94b86a9da183e5f3766e6310752b99ff647e38b09a9500d88e46e76", size = 2232757, upload-time = "2026-05-06T13:39:01.149Z" },
    { url = "https://files.pythonhosted.org/packages/d2/3a/508ac615935ef7588cf6d9e9b91309fdc2da751af865e02a9098de88258c/pydantic_core-2.46.4-cp313-cp313-manylinux_2_17_s390x.manylinux2014_s390x.whl", hash = "sha256:2412e734dcb48da14d4e4006b82b46b74f2518b8a26ee7e58c6844a6cd6d03c4", size = 2309275, upload-time = "2026-05-06T13:37:41.406Z" },
    { url = "https://files.pythonhosted.org/packages/07/f8/41db9de19d7987d6b04715a02b3b40aea467000275d9d758ffaa31af7d50/pydantic_core-2.46.4-cp313-cp313-manylinux_2_17_x86_64.manylinux2014_x86_64.whl", hash = "sha256:9551187363ffc0de2a00b2e47c25aeaeb1020b69b668762966df15fc5659dd5a", size = 2094467, upload-time = "2026-05-06T13:39:18.847Z" },
    { url = "https://files.pythonhosted.org/packages/2c/e2/f35033184cb11d0052daf4416e8e10a502ea2ac006fc4f459aee872727d1/pydantic_core-2.46.4-cp313-cp313-manylinux_2_31_riscv64.whl", hash = "sha256:0186750b482eefa11d7f435892b09c5c606193ef3375bcf94aa00ae6bfb66262", size = 2134417, upload-time = "2026-05-06T13:40:17.944Z" },
    { url = "https://files.pythonhosted.org/packages/7e/7b/6ceeb1cc90e193862f444ebe373d8fdf613f0a82572dde03fb10734c6c71/pydantic_core-2.46.4-cp313-cp313-manylinux_2_5_i686.manylinux1_i686.whl", hash = "sha256:5855698a4856556d86e8e6cd8434bc3ac0314ee8e12089ae0e143f64c6256e4e", size = 2179782, upload-time = "2026-05-06T13:40:32.618Z" },
    { url = "https://files.pythonhosted.org/packages/5a/f2/c8d7773ede6af08036423a00ae0ceffce266c3c52a096c435d68c896083f/pydantic_core-2.46.4-cp313-cp313-musllinux_1_1_aarch64.whl", hash = "sha256:cbaf13819775b7f769bf4a1f066cb6df7a28d4480081a589828ef190226881cd", size = 2188782, upload-time = "2026-05-06T13:36:51.018Z" },
    { url = "https://files.pythonhosted.org/packages/59/31/0c864784e31f09f05cdd87606f08923b9c9e7f6e51dd27f20f62f975ce9f/pydantic_core-2.46.4-cp313-cp313-musllinux_1_1_armv7l.whl", hash = "sha256:633147d34cf4550417f12e2b1a0383973bdf5cdfde212cb09e9a581cf10820be", size = 2328334, upload-time = "2026-05-06T13:40:37.764Z" },
    { url = "https://files.pythonhosted.org/packages/c2/eb/4f6c8a41efa30baa755590f4141abf3a8c370fab610915733e74134a7270/pydantic_core-2.46.4-cp313-cp313-musllinux_1_1_x86_64.whl", hash = "sha256:82cf5301172168103724d49a1444d3378cb20cdee30b116a1bd6031236298a5d", size = 2372986, upload-time = "2026-05-06T13:39:34.152Z" },
    { url = "https://files.pythonhosted.org/packages/5b/24/b375a480d53113860c299764bfe9f349a3dc9108b3adc0d7f0d786492ebf/pydantic_core-2.46.4-cp313-cp313-win32.whl", hash = "sha256:9fa8ae11da9e2b3126c6426f147e0fba88d96d65921799bb30c6abd1cb2c97fb", size = 1973693, upload-time = "2026-05-06T13:37:55.072Z" },
    { url = "https://files.pythonhosted.org/packages/7e/e8/cff247591966f2d22ec8c003cd7587e27b7ba7b81ab2fb888e3ab75dc285/pydantic_core-2.46.4-cp313-cp313-win_amd64.whl", hash = "sha256:6b3ace8194b0e5204818c92802dcdca7fc6d88aabbb799d7c795540d9cd6d292", size = 2071819, upload-time = "2026-05-06T13:38:49.139Z" },
    { url = "https://files.pythonhosted.org/packages/c6/1a/f4aee670d5670e9e148e0c82c7db98d780be566c6e6a97ee8035528ca0b3/pydantic_core-2.46.4-cp313-cp313-win_arm64.whl", hash = "sha256:184c081504d17f1c1066e430e117142b2c77d9448a97f7b65c6ac9fd9aee238d", size = 2027411, upload-time = "2026-05-06T13:40:45.796Z" },
]

[[package]]
name = "pyright"
version = "1.1.411"
source = { registry = "https://pypi.org/simple" }
dependencies = [
    { name = "nodeenv" },
    { name = "typing-extensions" },
]
sdist = { url = "https://files.pythonhosted.org/packages/7e/ab/265f7dc69d28113ebba19092e57b075f41543b2ed048429c5f56e2b88eac/pyright-1.1.411.tar.gz", hash = "sha256:d885a0551f2e763b089a02702174e7f4ba77548cddabc972ab86d1f7f1b0f998", size = 4112861, upload-time = "2026-06-25T02:14:06.37Z" }
wheels = [
    { url = "https://files.pythonhosted.org/packages/0a/49/385be530a6a5b78d1cbcd5c2e38debc8959a2fc6bdb716f4e581002979fc/pyright-1.1.411-py3-none-any.whl", hash = "sha256:dc7c72a8e2700c55baa127554040e067041ea53ccfd50bf96308cc4291c7d5d9", size = 6181526, upload-time = "2026-06-25T02:14:04.691Z" },
]

[[package]]
name = "python-dateutil"
version = "2.9.0.post0"
source = { registry = "https://pypi.org/simple" }
dependencies = [
    { name = "six" },
]
sdist = { url = "https://files.pythonhosted.org/packages/66/c0/0c8b6ad9f17a802ee498c46e004a0eb49bc148f2fd230864601a86dcf6db/python-dateutil-2.9.0.post0.tar.gz", hash = "sha256:37dd54208da7e1cd875388217d5e00ebd4179249f90fb72437e91a35459a0ad3", size = 342432, upload-time = "2024-03-01T18:36:20.211Z" }
wheels = [
    { url = "https://files.pythonhosted.org/packages/ec/57/56b9bcc3c9c6a792fcbaf139543cee77261f3651ca9da0c93f5c1221264b/python_dateutil-2.9.0.post0-py2.py3-none-any.whl", hash = "sha256:a8b2bc7bffae282281c8140a97d3aa9c14da0b136dfe83f850eea9a5f7470427", size = 229892, upload-time = "2024-03-01T18:36:18.57Z" },
]

[[package]]
name = "python-dotenv"
version = "1.2.2"
source = { registry = "https://pypi.org/simple" }
sdist = { url = "https://files.pythonhosted.org/packages/82/ed/0301aeeac3e5353ef3d94b6ec08bbcabd04a72018415dcb29e588514bba8/python_dotenv-1.2.2.tar.gz", hash = "sha256:2c371a91fbd7ba082c2c1dc1f8bf89ca22564a087c2c287cd9b662adde799cf3", size = 50135, upload-time = "2026-03-01T16:00:26.196Z" }
wheels = [
    { url = "https://files.pythonhosted.org/packages/0b/d7/1959b9648791274998a9c3526f6d0ec8fd2233e4d4acce81bbae76b44b2a/python_dotenv-1.2.2-py3-none-any.whl", hash = "sha256:1d8214789a24de455a8b8bd8ae6fe3c6b69a5e3d64aa8a8e5d68e694bbcb285a", size = 22101, upload-time = "2026-03-01T16:00:25.09Z" },
]

[[package]]
name = "python-telegram-bot"
version = "22.8"
source = { registry = "https://pypi.org/simple" }
dependencies = [
    { name = "httpx" },
]
sdist = { url = "https://files.pythonhosted.org/packages/ba/77/153517bb1ac1bba670c6fb1dbf09e1fd0730494b1705934e715391413a0d/python_telegram_bot-22.8.tar.gz", hash = "sha256:f9d3847fcb23ee603477e442800b33bb4adf851a73e0619d2050be879decf1ef", size = 1551700, upload-time = "2026-06-12T08:10:29.1Z" }
wheels = [
    { url = "https://files.pythonhosted.org/packages/60/7c/ed7d4dd94280bd434173cae9f7a7aedaaab9af128ae4f494423a5687c820/python_telegram_bot-22.8-py3-none-any.whl", hash = "sha256:42373918097f1b837cc4e717d588c19ea79651497ec712bb5b0c76e5e63c50e1", size = 769397, upload-time = "2026-06-12T08:10:27.066Z" },
]

[package.optional-dependencies]
job-queue = [
    { name = "apscheduler" },
]

[[package]]
name = "ruff"
version = "0.16.0"
source = { registry = "https://pypi.org/simple" }
sdist = { url = "https://files.pythonhosted.org/packages/4d/94/1e5e4967626faf12fa56999cd6222dff6992ceb086ad7945756baf70c7a7/ruff-0.16.0.tar.gz", hash = "sha256:e460aafd5495ec89efaa6ced2e4a9a581116451e1c88b9d37ef497e0f8e93982", size = 4790557, upload-time = "2026-07-23T19:11:30.981Z" }
wheels = [
    { url = "https://files.pythonhosted.org/packages/4b/81/1c8818fee7ce1a04cd7d1b3172e0a8f8e4f1dc4feb7fc390e16daa8af323/ruff-0.16.0-py3-none-linux_armv6l.whl", hash = "sha256:e5115729eb08c585e5121978ba5d5b60caeae394ce21b9fb5e6cd33a1c6c9b1e", size = 10754633, upload-time = "2026-07-23T19:10:46.415Z" },
    { url = "https://files.pythonhosted.org/packages/23/df/beaf59c09d68db84304d555f188b276a77132a5d5b0b67a5c762aa143628/ruff-0.16.0-py3-none-macosx_10_12_x86_64.whl", hash = "sha256:3c954b1d580bfa035b41654f7858cc7e71d5fc3ac5b723dd62bd9133830ed522", size = 10969164, upload-time = "2026-07-23T19:10:50.271Z" },
    { url = "https://files.pythonhosted.org/packages/42/ce/741cd197496a1abbf51352710fd15ed995d2a2be87189c1da26a450d6e83/ruff-0.16.0-py3-none-macosx_11_0_arm64.whl", hash = "sha256:e01c21d10eb1b29f47b7454e1f4056db9a3f0260c646aa88457c610291db9f81", size = 10488846, upload-time = "2026-07-23T19:10:52.639Z" },
    { url = "https://files.pythonhosted.org/packages/52/2a/a2db8e88cade358f5cdcb05674a917751074109315d014eb6352d9a893f7/ruff-0.16.0-py3-none-manylinux_2_17_aarch64.manylinux2014_aarch64.whl", hash = "sha256:6e364e5ed22ed8dc05082fd78e35308618260907ac2d3c1d637b2e682415b6c9", size = 10889729, upload-time = "2026-07-23T19:10:54.89Z" },
    { url = "https://files.pythonhosted.org/packages/42/65/62a771694ebd63029dc953e27dbad40e1588bd4860ff9fe881018fddaa49/ruff-0.16.0-py3-none-manylinux_2_17_armv7l.manylinux2014_armv7l.whl", hash = "sha256:d327b8fc113a1d4421a04f3839d3752057c8dd1ee320223a6f3f52d04ada462a", size = 10568275, upload-time = "2026-07-23T19:10:56.993Z" },
    { url = "https://files.pythonhosted.org/packages/3f/e2/ced249fe8af5f086c5c58cc21cc3356d50f32f7401c5df87050c999620a7/ruff-0.16.0-py3-none-manylinux_2_17_i686.manylinux2014_i686.whl", hash = "sha256:a9b50c55e263103586b3dcf5f73d479eb8cb5fdb6098fec59a62891dab653717", size = 11385112, upload-time = "2026-07-23T19:10:59.615Z" },
    { url = "https://files.pythonhosted.org/packages/87/0b/05154977a8fd69eeb6c103271f55403bfd8711f5c0f8ed07489d95a504e7/ruff-0.16.0-py3-none-manylinux_2_17_ppc64le.manylinux2014_ppc64le.whl", hash = "sha256:0ff4a79ce3ec0172f3241943835de1c4cb4e2dcd07f0f8c2d02603dbbbee4b17", size = 12207008, upload-time = "2026-07-23T19:11:02.154Z" },
    { url = "https://files.pythonhosted.org/packages/fb/29/98225831a3a1eab0e02f4acc6ca6559a98611dcc68b6965ff4b7234627c1/ruff-0.16.0-py3-none-manylinux_2_17_s390x.manylinux2014_s390x.whl", hash = "sha256:e95c448fca1fb2a18372a9440926c5a6ee789639bb975c72e7ae6d0b04218ab4", size = 11650842, upload-time = "2026-07-23T19:11:04.557Z" },
    { url = "https://files.pythonhosted.org/packages/91/66/6bd3cf90500653d55dc0ffc8507aa8300bd49d0214b2e8cb4d3fef2943ba/ruff-0.16.0-py3-none-manylinux_2_17_x86_64.manylinux2014_x86_64.whl", hash = "sha256:4f11a8d11010301d0a398a2fdef67691feca7294da6aef55e2150e8fa2cd520b", size = 11400718, upload-time = "2026-07-23T19:11:09.233Z" },
    { url = "https://files.pythonhosted.org/packages/8e/a2/a54eb4eae05d66364050a5d3b8a9c5ef88196531b3cbe7109d873f87f819/ruff-0.16.0-py3-none-manylinux_2_31_riscv64.whl", hash = "sha256:48044c678e9cb8698246c99b14aaccfa6601dea7379eb48a6f8f73f7a6d86cd0", size = 11426177, upload-time = "2026-07-23T19:11:11.994Z" },
    { url = "https://files.pythonhosted.org/packages/1a/be/16e3eea4b2a478a496919f5e36f17c4559e54620bd3bbac5d6affa068006/ruff-0.16.0-py3-none-musllinux_1_2_aarch64.whl", hash = "sha256:7aa0959bad8eb8bef50340154fc9b58678dae31fa4293afa38b44b6e552c0213", size = 10856126, upload-time = "2026-07-23T19:11:14.221Z" },
    { url = "https://files.pythonhosted.org/packages/a2/84/252eb8b868a16eec7257c14f504f77537e734b2d69c762e639e588e304a3/ruff-0.16.0-py3-none-musllinux_1_2_armv7l.whl", hash = "sha256:28ea2b7df8ebf7f9da6b7d47b230ab48f387c0a29be3b474c4d0740e197bb9af", size = 10571208, upload-time = "2026-07-23T19:11:16.378Z" },
    { url = "https://files.pythonhosted.org/packages/21/09/817a482f542f7570cbb4554b26e896610c7114f539b1d9e2d2145bf6bef6/ruff-0.16.0-py3-none-musllinux_1_2_i686.whl", hash = "sha256:33a3dfac8c35f81498dea9181bccc2f4c4bc8f1521a1dd9406e77643e0f0fb09", size = 11063329, upload-time = "2026-07-23T19:11:19.173Z" },
    { url = "https://files.pythonhosted.org/packages/2e/23/9403c180ca1cb9b1f7335f5c3e5305c09d49ea5b345196682a36028bde4a/ruff-0.16.0-py3-none-musllinux_1_2_x86_64.whl", hash = "sha256:a5237a0bda500d30d81b8e07a6973a5cbc772864cbf746ae2f4e8a2e01c9f4ed", size = 11489751, upload-time = "2026-07-23T19:11:21.74Z" },
    { url = "https://files.pythonhosted.org/packages/b2/1d/1b2ef7bcde851c78d7f17f1cca13fd6dc695fc4b3d6197941e72cae5b132/ruff-0.16.0-py3-none-win32.whl", hash = "sha256:7fab76fa065c873f41ff744347c6e77bcc3dfec4bcc754dc26b63d23c0f7f5fb", size = 10785885, upload-time = "2026-07-23T19:11:23.947Z" },
    { url = "https://files.pythonhosted.org/packages/b2/a3/d5e4ef7a56be3f928ffb90b94c25ba7d3cb9c7fe0736aeaaedf361770712/ruff-0.16.0-py3-none-win_amd64.whl", hash = "sha256:429c117f022bf481fabd9d551e7a3952b24c65e6ef44337ea09d90bebef14472", size = 11923141, upload-time = "2026-07-23T19:11:26.409Z" },
    { url = "https://files.pythonhosted.org/packages/cb/9a/8415f2657cbe200f41a4531ccededf135505a92d4a012229121f885b26f9/ruff-0.16.0-py3-none-win_arm64.whl", hash = "sha256:14296fedcd2705c77ab8235439278bbb38f285cf7da5528b00b3e330c3d4872d", size = 11273407, upload-time = "2026-07-23T19:11:28.705Z" },
]

[[package]]
name = "s3transfer"
version = "0.19.2"
source = { registry = "https://pypi.org/simple" }
dependencies = [
    { name = "botocore" },
]
sdist = { url = "https://files.pythonhosted.org/packages/76/43/35e4d8aa320bffe8287fe8f65f578fa2d2db0a64212f0e710dce58267854/s3transfer-0.19.2.tar.gz", hash = "sha256:ba0309fd86be3c27dbf78cdd813c13c5e1df16e5874b99d2535ebbdfb9892993", size = 165592, upload-time = "2026-07-22T19:30:44.432Z" }
wheels = [
    { url = "https://files.pythonhosted.org/packages/bc/e7/5c595c75e9f41a44f30e526eda465ea0b4eec93470e074e4a111b253f13a/s3transfer-0.19.2-py3-none-any.whl", hash = "sha256:d8168eccca828cbb2cd573675333f3bddd254313a9c42494b84c76b539e8ba25", size = 90216, upload-time = "2026-07-22T19:30:43.251Z" },
]

[[package]]
name = "six"
version = "1.17.0"
source = { registry = "https://pypi.org/simple" }
sdist = { url = "https://files.pythonhosted.org/packages/94/e7/b2c673351809dca68a0e064b6af791aa332cf192da575fd474ed7d6f16a2/six-1.17.0.tar.gz", hash = "sha256:ff70335d468e7eb6ec65b95b99d3a2836546063f63acc5171de367e834932a81", size = 34031, upload-time = "2024-12-04T17:35:28.174Z" }
wheels = [
    { url = "https://files.pythonhosted.org/packages/b7/ce/149a00dd41f10bc29e5921b496af8b574d8413afcd5e30dfa0ed46c2cc5e/six-1.17.0-py2.py3-none-any.whl", hash = "sha256:4721f391ed90541fddacab5acf947aa0d3dc7d27b2e1e8eda2be8970586c3274", size = 11050, upload-time = "2024-12-04T17:35:26.475Z" },
]

[[package]]
name = "sqlalchemy"
version = "2.0.52"
source = { registry = "https://pypi.org/simple" }
dependencies = [
    { name = "greenlet", marker = "platform_machine == 'AMD64' or platform_machine == 'WIN32' or platform_machine == 'aarch64' or platform_machine == 'amd64' or platform_machine == 'ppc64le' or platform_machine == 'win32' or platform_machine == 'x86_64'" },
    { name = "typing-extensions" },
]
sdist = { url = "https://files.pythonhosted.org/packages/3b/21/77b4c147963073040dc3c3a5cb7a8c3001a1893c0209432cb77f9df836aa/sqlalchemy-2.0.52.tar.gz", hash = "sha256:5e2d46356ac2ccb7d268ab6c2319ac6a2b42f1b8d5fd8bd3d46855cd82abee97", size = 9945637, upload-time = "2026-08-11T19:07:09.829Z" }
wheels = [
    { url = "https://files.pythonhosted.org/packages/7f/18/e30c6fe1eca1bf34a39fbdd6066121cc9974c850faf6f349eac563697a26/sqlalchemy-2.0.52-cp313-cp313-macosx_11_0_arm64.whl", hash = "sha256:2eb3c6a64b1bfe6704777cfd504e7b8ad093a5f3e03ce67663a5e6742f294e43", size = 2167724, upload-time = "2026-08-11T20:58:12.679Z" },
    { url = "https://files.pythonhosted.org/packages/d0/56/2e17d161a4f7ecc1c2ffb93e607b4e1898bb551b451b283235acb8f6ce47/sqlalchemy-2.0.52-cp313-cp313-manylinux2014_aarch64.manylinux_2_17_aarch64.manylinux_2_28_aarch64.whl", hash = "sha256:923bb183c1dc64fdf7b717965e3d59938ec4f8b8710b419a21ce403e5da9a9e1", size = 3321189, upload-time = "2026-08-11T21:02:41.932Z" },
    { url = "https://files.pythonhosted.org/packages/cf/b8/8490916e893f3f8d74dc9cc54c078619364999dee37047a188e73abbc852/sqlalchemy-2.0.52-cp313-cp313-manylinux2014_x86_64.manylinux_2_17_x86_64.manylinux_2_28_x86_64.whl", hash = "sha256:651d6d8782e80679e6151707c7b490834d46ada526328895abf567f25e63d29c", size = 3338185, upload-time = "2026-08-11T21:17:02.597Z" },
    { url = "https://files.pythonhosted.org/packages/8b/f7/752cc8ee453da222829b3f5c4613614bf750d97429363b70414fa10478e4/sqlalchemy-2.0.52-cp313-cp313-musllinux_1_2_aarch64.whl", hash = "sha256:b08cddb8989775e3c88799d86704bdfc3ee6e9846118201aa5997f16f27e3a15", size = 3271698, upload-time = "2026-08-11T21:02:43.963Z" },
    { url = "https://files.pythonhosted.org/packages/51/e6/074ade0c07b9e4c8e8bca46820320ed94df9702afdb6f2af06623068d2e6/sqlalchemy-2.0.52-cp313-cp313-musllinux_1_2_x86_64.whl", hash = "sha256:ab66fa9618269390d4dfa222f2f2f88f7bc4bf5da13905131b818217db7e8057", size = 3308936, upload-time = "2026-08-11T21:17:04.172Z" },
    { url = "https://files.pythonhosted.org/packages/66/07/557c0d04716705599227945ac14e0a17ad0338e899f37d8c2ddff4dcc663/sqlalchemy-2.0.52-cp313-cp313-win32.whl", hash = "sha256:c63bda077685c85ca513286547a531ba57e7a68cf0a7ed3bafcc2bbd18896f4d", size = 2127308, upload-time = "2026-08-11T21:14:53.879Z" },
    { url = "https://files.pythonhosted.org/packages/96/4e/226eda27654318ce525d043025221f689abef883da2c7126f9065121618c/sqlalchemy-2.0.52-cp313-cp313-win_amd64.whl", hash = "sha256:9876b09b9f1ce7398b0ffece585c0a911244c53191187341f6bcae640e133751", size = 2153876, upload-time = "2026-08-11T21:14:55.527Z" },
    { url = "https://files.pythonhosted.org/packages/b3/3f/3582293d1e185e71d19d7c731c3e2ee20ba21981c4a1115c0806c1f62120/sqlalchemy-2.0.52-py3-none-any.whl", hash = "sha256:3b81b8363a919ce53453591cdb93702e6bd54ade6c4fa2f468fc053baee5ed89", size = 1950700, upload-time = "2026-08-11T20:47:21.603Z" },
]

[[package]]
name = "sqlmodel"
version = "0.0.38"
source = { registry = "https://pypi.org/simple" }
dependencies = [
    { name = "pydantic" },
    { name = "sqlalchemy" },
    { name = "typing-extensions" },
]
sdist = { url = "https://files.pythonhosted.org/packages/64/0d/26ec1329960ea9430131fe63f63a95ea4cb8971d49c891ff7e1f3255421c/sqlmodel-0.0.38.tar.gz", hash = "sha256:d583ec237b14103809f74e8630032bc40ab68cd6b754a610f0813c56911a547b", size = 86710, upload-time = "2026-04-02T21:03:55.571Z" }
wheels = [
    { url = "https://files.pythonhosted.org/packages/72/c7/10c60af0607ab6fa136264f7f39d205932218516226d38585324ffda705d/sqlmodel-0.0.38-py3-none-any.whl", hash = "sha256:84e3fa990a77395461ded72a6c73173438ce8449d5c1c4d97fbff1b1df692649", size = 27294, upload-time = "2026-04-02T21:03:56.406Z" },
]

[[package]]
name = "typing-extensions"
version = "4.16.0"
source = { registry = "https://pypi.org/simple" }
sdist = { url = "https://files.pythonhosted.org/packages/f6/cc/6253133b5bb138fc3306cebfbda2c520f545d36b5be2c7255cc528bb45d6/typing_extensions-4.16.0.tar.gz", hash = "sha256:dc983d19a509c94dba722ee6abd33940f7c05a89e243c47e907eb4db6f1a43e5", size = 113555, upload-time = "2026-07-02T08:40:05.92Z" }
wheels = [
    { url = "https://files.pythonhosted.org/packages/49/d3/b8441a820a491ddfc024b0b0cf0393375b75ea13866d9c66727e54c2fc80/typing_extensions-4.16.0-py3-none-any.whl", hash = "sha256:481caa481374e813c1b176ada14e97f1f67a4539ce9cfeb3f350d78d6370c2e8", size = 45571, upload-time = "2026-07-02T08:40:04.659Z" },
]

[[package]]
name = "typing-inspection"
version = "0.4.2"
source = { registry = "https://pypi.org/simple" }
dependencies = [
    { name = "typing-extensions" },
]
sdist = { url = "https://files.pythonhosted.org/packages/55/e3/70399cb7dd41c10ac53367ae42139cf4b1ca5f36bb3dc6c9d33acdb43655/typing_inspection-0.4.2.tar.gz", hash = "sha256:ba561c48a67c5958007083d386c3295464928b01faa735ab8547c5692e87f464", size = 75949, upload-time = "2025-10-01T02:14:41.687Z" }
wheels = [
    { url = "https://files.pythonhosted.org/packages/dc/9b/47798a6c91d8bdb567fe2698fe81e0c6b7cb7ef4d13da4114b41d239f65d/typing_inspection-0.4.2-py3-none-any.whl", hash = "sha256:4ed1cacbdc298c220f1bd249ed5287caa16f34d44ef4e9c3d0cbad5b521545e7", size = 14611, upload-time = "2025-10-01T02:14:40.154Z" },
]

[[package]]
name = "tzdata"
version = "2024.1"
source = { registry = "https://pypi.org/simple" }
sdist = { url = "https://files.pythonhosted.org/packages/74/5b/e025d02cb3b66b7b76093404392d4b44343c69101cc85f4d180dd5784717/tzdata-2024.1.tar.gz", hash = "sha256:2674120f8d891909751c38abcdfd386ac0a5a1127954fbc332af6b5ceae07efd", size = 190559, upload-time = "2024-02-11T23:22:40.2Z" }
wheels = [
    { url = "https://files.pythonhosted.org/packages/65/58/f9c9e6be752e9fcb8b6a0ee9fb87e6e7a1f6bcab2cdc73f02bb7ba91ada0/tzdata-2024.1-py2.py3-none-any.whl", hash = "sha256:9068bc196136463f5245e51efda838afa15aaeca9903f49050dfa2679db4d252", size = 345370, upload-time = "2024-02-11T23:22:38.223Z" },
]

[[package]]
name = "tzlocal"
version = "5.4.4"
source = { registry = "https://pypi.org/simple" }
dependencies = [
    { name = "tzdata", marker = "sys_platform == 'win32'" },
]
sdist = { url = "https://files.pythonhosted.org/packages/81/5b/879b2f932adfa7a053c360d50bc896c977fa6426109185f7c12ebdd0cb9d/tzlocal-5.4.4.tar.gz", hash = "sha256:8dbb8660838688a7b6ba4fed31d18dedf842afb4d47ca050d6d891c2c15f3be4", size = 31170, upload-time = "2026-06-29T08:03:40.026Z" }
wheels = [
    { url = "https://files.pythonhosted.org/packages/9e/a4/017a7a6cbe387d961a688ec31364ae60a5c4e22c96ae9921b79a947c855d/tzlocal-5.4.4-py3-none-any.whl", hash = "sha256:aae09f0126a8a86fa736be266eb4a471380d26a0de3bc14844e7821fee3e2a15", size = 18115, upload-time = "2026-06-29T08:03:38.666Z" },
]

[[package]]
name = "urllib3"
version = "2.7.0"
source = { registry = "https://pypi.org/simple" }
sdist = { url = "https://files.pythonhosted.org/packages/53/0c/06f8b233b8fd13b9e5ee11424ef85419ba0d8ba0b3138bf360be2ff56953/urllib3-2.7.0.tar.gz", hash = "sha256:231e0ec3b63ceb14667c67be60f2f2c40a518cb38b03af60abc813da26505f4c", size = 433602, upload-time = "2026-05-07T16:13:18.596Z" }
wheels = [
    { url = "https://files.pythonhosted.org/packages/7f/3e/5db95bcf282c52709639744ca2a8b149baccf648e39c8cc87553df9eae0c/urllib3-2.7.0-py3-none-any.whl", hash = "sha256:9fb4c81ebbb1ce9531cce37674bbc6f1360472bc18ca9a553ede278ef7276897", size = 131087, upload-time = "2026-05-07T16:13:17.151Z" },
]
